
Microsoft Visual Studio Solution File, Format Version 12.00
# Visual Studio Version 16
VisualStudioVersion = 16.0.30804.86
MinimumVisualStudioVersion = 10.0.40219.1
Project("{9A19103F-16F7-4668-BE54-9A1E7A4F7556}") = "Zipper.Example", "Example\Zipper.Example\Zipper.Example.csproj", "{B84E1E35-8CEB-47B3-9911-BB3AF6A2F25D}"
	ProjectSection(ProjectDependencies) = postProject
		{F5FBBDD0-0D32-4FEE-8BD0-E52014DFC474} = {F5FBBDD0-0D32-4FEE-8BD0-E52014DFC474}
	EndProjectSection
EndProject
Project("{9A19103F-16F7-4668-BE54-9A1E7A4F7556}") = "Zipper.Core", "Zipper\Zipper.Core\Zipper.Core.csproj", "{393FF758-6B4C-4F93-9DAC-3FC421EC943A}"
EndProject
Project("{9A19103F-16F7-4668-BE54-9A1E7A4F7556}") = "Zipper.Web", "Zipper\Zipper.Web\Zipper.Web.csproj", "{F5FBBDD0-0D32-4FEE-8BD0-E52014DFC474}"
EndProject
Project("{2150E333-8FDC-42A3-9474-1A3956D46DE8}") = "Zipper", "Zipper", "{8F7BE046-C6E8-488C-9225-457616837061}"
EndProject
Project("{2150E333-8FDC-42A3-9474-1A3956D46DE8}") = "Example", "Example", "{585D53A1-D1E2-4AD6-BD7F-3EA6BBB3C961}"
EndProject
Global
	GlobalSection(SolutionConfigurationPlatforms) = preSolution
		Debug|Any CPU = Debug|Any CPU
		Release|Any CPU = Release|Any CPU
	EndGlobalSection
	GlobalSection(ProjectConfigurationPlatforms) = postSolution
		{B84E1E35-8CEB-47B3-9911-BB3AF6A2F25D}.Debug|Any CPU.ActiveCfg = Debug|Any CPU
		{B84E1E35-8CEB-47B3-9911-BB3AF6A2F25D}.Debug|Any CPU.Build.0 = Debug|Any CPU
		{B84E1E35-8CEB-47B3-9911-BB3AF6A2F25D}.Release|Any CPU.ActiveCfg = Release|Any CPU
		{B84E1E35-8CEB-47B3-9911-BB3AF6A2F25D}.Release|Any CPU.Build.0 = Release|Any CPU
		{393FF758-6B4C-4F93-9DAC-3FC421EC943A}.Debug|Any CPU.ActiveCfg = Debug|Any CPU
		{393FF758-6B4C-4F93-9DAC-3FC421EC943A}.Debug|Any CPU.Build.0 = Debug|Any CPU
		{393FF758-6B4C-4F93-9DAC-3FC421EC943A}.Release|Any CPU.ActiveCfg = Release|Any CPU
		{393FF758-6B4C-4F93-9DAC-3FC421EC943A}.Release|Any CPU.Build.0 = Release|Any CPU
		{F5FBBDD0-0D32-4FEE-8BD0-E52014DFC474}.Debug|Any CPU.ActiveCfg = Debug|Any CPU
		{F5FBBDD0-0D32-4FEE-8BD0-E52014DFC474}.Debug|Any CPU.Build.0 = Debug|Any CPU
		{F5FBBDD0-0D32-4FEE-8BD0-E52014DFC474}.Release|Any CPU.ActiveCfg = Release|Any CPU
		{F5FBBDD0-0D32-4FEE-8BD0-E52014DFC474}.Release|Any CPU.Build.0 = Release|Any CPU
	EndGlobalSection
	GlobalSection(SolutionProperties) = preSolution
		HideSolutionNode = FALSE
	EndGlobalSection
	GlobalSection(NestedProjects) = preSolution
		{B84E1E35-8CEB-47B3-9911-BB3AF6A2F25D} = {585D53A1-D1E2-4AD6-BD7F-3EA6BBB3C961}
		{393FF758-6B4C-4F93-9DAC-3FC421EC943A} = {8F7BE046-C6E8-488C-9225-457616837061}
		{F5FBBDD0-0D32-4FEE-8BD0-E52014DFC474} = {8F7BE046-C6E8-488C-9225-457616837061}
	EndGlobalSection
	GlobalSection(ExtensibilityGlobals) = postSolution
		SolutionGuid = {535E8CA4-79E3-4C83-896E-5C88410AE90B}
	EndGlobalSection
EndGlobal
